
Microsoft Visual Studio Solution File, Format Version 12.00
# Visual Studio 15
VisualStudioVersion = 15.0.27130.2010
MinimumVisualStudioVersion = 10.0.40219.1
Project("{FAE04EC0-301F-11D3-BF4B-00C04F79EFBC}") = "BasicTreedepthSolver", "BasicTreedepthSolver.csproj", "{047A06E0-F350-4CDE-80DC-0633F79D2185}"
EndProject
Global
	GlobalSection(SolutionConfigurationPlatforms) = preSolution
		Debug|Any CPU = Debug|Any CPU
		Release|Any CPU = Release|Any CPU
	EndGlobalSection
	GlobalSection(ProjectConfigurationPlatforms) = postSolution
		{047A06E0-F350-4CDE-80DC-0633F79D2185}.Debug|Any CPU.ActiveCfg = Debug|Any CPU
		{047A06E0-F350-4CDE-80DC-0633F79D2185}.Debug|Any CPU.Build.0 = Debug|Any CPU
		{047A06E0-F350-4CDE-80DC-0633F79D2185}.Release|Any CPU.ActiveCfg = Release|Any CPU
		{047A06E0-F350-4CDE-80DC-0633F79D2185}.Release|Any CPU.Build.0 = Release|Any CPU
	EndGlobalSection
	GlobalSection(SolutionProperties) = preSolution
		HideSolutionNode = FALSE
	EndGlobalSection
	GlobalSection(ExtensibilityGlobals) = postSolution
		SolutionGuid = {B4DDA757-9982-4DD1-9F00-388D7BE455E4}
	EndGlobalSection
EndGlobal
